
Microsoft Visual Studio Solution File, Format Version 12.00
# Visual Studio Version 17
VisualStudioVersion = 17.4.33205.214
MinimumVisualStudioVersion = 10.0.40219.1
Project("{FAE04EC0-301F-11D3-BF4B-00C04F79EFBC}") = "StudentAdminPortal.API", "StudentAdminPortal.API\StudentAdminPortal.API.csproj", "{19DE0D59-99F0-4E2B-89D8-ECF25ED01C54}"
EndProject
Global
	GlobalSection(SolutionConfigurationPlatforms) = preSolution
		Debug|Any CPU = Debug|Any CPU
		Release|Any CPU = Release|Any CPU
	EndGlobalSection
	GlobalSection(ProjectConfigurationPlatforms) = postSolution
		{19DE0D59-99F0-4E2B-89D8-ECF25ED01C54}.Debug|Any CPU.ActiveCfg = Debug|Any CPU
		{19DE0D59-99F0-4E2B-89D8-ECF25ED01C54}.Debug|Any CPU.Build.0 = Debug|Any CPU
		{19DE0D59-99F0-4E2B-89D8-ECF25ED01C54}.Release|Any CPU.ActiveCfg = Release|Any CPU
		{19DE0D59-99F0-4E2B-89D8-ECF25ED01C54}.Release|Any CPU.Build.0 = Release|Any CPU
	EndGlobalSection
	GlobalSection(SolutionProperties) = preSolution
		HideSolutionNode = FALSE
	EndGlobalSection
	GlobalSection(ExtensibilityGlobals) = postSolution
		SolutionGuid = {DBC15600-5E3E-488E-93C0-783B3C37FC4C}
	EndGlobalSection
EndGlobal
